// !$*UTF8*$!
{
	archiveVersion = 1;
	classes = {
	};
	objectVersion = 46;
	objects = {

/* Begin PBXBuildFile section */
		8FBAFCAA1E8B6348005D342C /* AppDelegate.swift in Sources */ = {isa = PBXBuildFile; fileRef = 8FBAFCA91E8B6348005D342C /* AppDelegate.swift */; };
		8FBAFCAF1E8B6348005D342C /* Main.storyboard in Resources */ = {isa = PBXBuildFile; fileRef = 8FBAFCAD1E8B6348005D342C /* Main.storyboard */; };
		8FBAFCB11E8B6348005D342C /* Assets.xcassets in Resources */ = {isa = PBXBuildFile; fileRef = 8FBAFCB01E8B6348005D342C /* Assets.xcassets */; };
		8FBAFCB41E8B6348005D342C /* LaunchScreen.storyboard in Resources */ = {isa = PBXBuildFile; fileRef = 8FBAFCB21E8B6348005D342C /* LaunchScreen.storyboard */; };
		8FBAFCBC1E8B6F8D005D342C /* iconmonstr-video-8-24.png in Resources */ = {isa = PBXBuildFile; fileRef = 8FBAFCBB1E8B6F8D005D342C /* iconmonstr-video-8-24.png */; };
		8FBAFCBE1E8B6FF7005D342C /* iconmonstr-star-2-24.png in Resources */ = {isa = PBXBuildFile; fileRef = 8FBAFCBD1E8B6FF7005D342C /* iconmonstr-star-2-24.png */; };
		8FBAFCC01E8B7B03005D342C /* TopRatedViewController.swift in Sources */ = {isa = PBXBuildFile; fileRef = 8FBAFCBF1E8B7B03005D342C /* TopRatedViewController.swift */; };
		8FBAFCC21E8B7B5E005D342C /* NowPlayingViewController.swift in Sources */ = {isa = PBXBuildFile; fileRef = 8FBAFCC11E8B7B5E005D342C /* NowPlayingViewController.swift */; };
		8FBAFCC41E8CCF2B005D342C /* DetailViewController.swift in Sources */ = {isa = PBXBuildFile; fileRef = 8FBAFCC31E8CCF2B005D342C /* DetailViewController.swift */; };
		8FBAFCC61E8CCF95005D342C /* CustomTableViewCell.swift in Sources */ = {isa = PBXBuildFile; fileRef = 8FBAFCC51E8CCF95005D342C /* CustomTableViewCell.swift */; };
		E0BB029B3FFEEB3A8147E61E /* Pods_Flicks.framework in Frameworks */ = {isa = PBXBuildFile; fileRef = 187491BB8E00B70BA3FF8AFF /* Pods_Flicks.framework */; };
/* End PBXBuildFile section */

/* Begin PBXFileReference section */
		187491BB8E00B70BA3FF8AFF /* Pods_Flicks.framework */ = {isa = PBXFileReference; explicitFileType = wrapper.framework; includeInIndex = 0; path = Pods_Flicks.framework; sourceTree = BUILT_PRODUCTS_DIR; };
		8A2EF96831CCD5522BF774C0 /* Pods-Flicks.release.xcconfig */ = {isa = PBXFileReference; includeInIndex = 1; lastKnownFileType = text.xcconfig; name = "Pods-Flicks.release.xcconfig"; path = "Pods/Target Support Files/Pods-Flicks/Pods-Flicks.release.xcconfig"; sourceTree = "<group>"; };
		8FBAFCA61E8B6348005D342C /* Flicks.app */ = {isa = PBXFileReference; explicitFileType = wrapper.application; includeInIndex = 0; path = Flicks.app; sourceTree = BUILT_PRODUCTS_DIR; };
		8FBAFCA91E8B6348005D342C /* AppDelegate.swift */ = {isa = PBXFileReference; lastKnownFileType = sourcecode.swift; path = AppDelegate.swift; sourceTree = "<group>"; };
		8FBAFCAE1E8B6348005D342C /* Base */ = {isa = PBXFileReference; lastKnownFileType = file.storyboard; name = Base; path = Base.lproj/Main.storyboard; sourceTree = "<group>"; };
		8FBAFCB01E8B6348005D342C /* Assets.xcassets */ = {isa = PBXFileReference; lastKnownFileType = folder.assetcatalog; path = Assets.xcassets; sourceTree = "<group>"; };
		8FBAFCB31E8B6348005D342C /* Base */ = {isa = PBXFileReference; lastKnownFileType = file.storyboard; name = Base; path = Base.lproj/LaunchScreen.storyboard; sourceTree = "<group>"; };
		8FBAFCB51E8B6348005D342C /* Info.plist */ = {isa = PBXFileReference; lastKnownFileType = text.plist.xml; path = Info.plist; sourceTree = "<group>"; };
		8FBAFCBB1E8B6F8D005D342C /* iconmonstr-video-8-24.png */ = {isa = PBXFileReference; lastKnownFileType = image.png; name = "iconmonstr-video-8-24.png"; path = "../../../../Downloads/iconmonstr-video-8-24.png"; sourceTree = "<group>"; };
		8FBAFCBD1E8B6FF7005D342C /* iconmonstr-star-2-24.png */ = {isa = PBXFileReference; lastKnownFileType = image.png; path = "iconmonstr-star-2-24.png"; sourceTree = "<group>"; };
		8FBAFCBF1E8B7B03005D342C /* TopRatedViewController.swift */ = {isa = PBXFileReference; fileEncoding = 4; lastKnownFileType = sourcecode.swift; path = TopRatedViewController.swift; sourceTree = "<group>"; };
		8FBAFCC11E8B7B5E005D342C /* NowPlayingViewController.swift */ = {isa = PBXFileReference; fileEncoding = 4; lastKnownFileType = sourcecode.swift; path = NowPlayingViewController.swift; sourceTree = "<group>"; };
		8FBAFCC31E8CCF2B005D342C /* DetailViewController.swift */ = {isa = PBXFileReference; fileEncoding = 4; lastKnownFileType = sourcecode.swift; path = DetailViewController.swift; sourceTree = "<group>"; };
		8FBAFCC51E8CCF95005D342C /* CustomTableViewCell.swift */ = {isa = PBXFileReference; fileEncoding = 4; lastKnownFileType = sourcecode.swift; path = CustomTableViewCell.swift; sourceTree = "<group>"; };
		D1B57E4C9F1720F414748E2E /* Pods-Flicks.debug.xcconfig */ = {isa = PBXFileReference; includeInIndex = 1; lastKnownFileType = text.xcconfig; name = "Pods-Flicks.debug.xcconfig"; path = "Pods/Target Support Files/Pods-Flicks/Pods-Flicks.debug.xcconfig"; sourceTree = "<group>"; };
/* End PBXFileReference section */

/* Begin PBXFrameworksBuildPhase section */
		8FBAFCA31E8B6347005D342C /* Frameworks */ = {
			isa = PBXFrameworksBuildPhase;
			buildActionMask = 2147483647;
			files = (
				E0BB029B3FFEEB3A8147E61E /* Pods_Flicks.framework in Frameworks */,
			);
			runOnlyForDeploymentPostprocessing = 0;
		};
/* End PBXFrameworksBuildPhase section */

/* Begin PBXGroup section */
		199183F24A28EE6277891D4A /* Pods */ = {
			isa = PBXGroup;
			children = (
				D1B57E4C9F1720F414748E2E /* Pods-Flicks.debug.xcconfig */,
				8A2EF96831CCD5522BF774C0 /* Pods-Flicks.release.xcconfig */,
			);
			name = Pods;
			sourceTree = "<group>";
		};
		8FBAFC9D1E8B6347005D342C = {
			isa = PBXGroup;
			children = (
				8FBAFCA81E8B6348005D342C /* Flicks */,
				8FBAFCA71E8B6348005D342C /* Products */,
				199183F24A28EE6277891D4A /* Pods */,
				D35AAA7078201DF62BB257CA /* Frameworks */,
			);
			sourceTree = "<group>";
		};
		8FBAFCA71E8B6348005D342C /* Products */ = {
			isa = PBXGroup;
			children = (
				8FBAFCA61E8B6348005D342C /* Flicks.app */,
			);
			name = Products;
			sourceTree = "<group>";
		};
		8FBAFCA81E8B6348005D342C /* Flicks */ = {
			isa = PBXGroup;
			children = (
				8FBAFCA91E8B6348005D342C /* AppDelegate.swift */,
				8FBAFCC11E8B7B5E005D342C /* NowPlayingViewController.swift */,
				8FBAFCBF1E8B7B03005D342C /* TopRatedViewController.swift */,
				8FBAFCAD1E8B6348005D342C /* Main.storyboard */,
				8FBAFCC51E8CCF95005D342C /* CustomTableViewCell.swift */,
				8FBAFCC31E8CCF2B005D342C /* DetailViewController.swift */,
				8FBAFCB01E8B6348005D342C /* Assets.xcassets */,
				8FBAFCBD1E8B6FF7005D342C /* iconmonstr-star-2-24.png */,
				8FBAFCBB1E8B6F8D005D342C /* iconmonstr-video-8-24.png */,
				8FBAFCB21E8B6348005D342C /* LaunchScreen.storyboard */,
				8FBAFCB51E8B6348005D342C /* Info.plist */,
			);
			path = Flicks;
			sourceTree = "<group>";
		};
		D35AAA7078201DF62BB257CA /* Frameworks */ = {
			isa = PBXGroup;
			children = (
				187491BB8E00B70BA3FF8AFF /* Pods_Flicks.framework */,
			);
			name = Frameworks;
			sourceTree = "<group>";
		};
/* End PBXGroup section */

/* Begin PBXNativeTarget section */
		8FBAFCA51E8B6347005D342C /* Flicks */ = {
			isa = PBXNativeTarget;
			buildConfigurationList = 8FBAFCB81E8B6348005D342C /* Build configuration list for PBXNativeTarget "Flicks" */;
			buildPhases = (
				7E3F314CCF330A94B8E42F3A /* [CP] Check Pods Manifest.lock */,
				8FBAFCA21E8B6347005D342C /* Sources */,
				8FBAFCA31E8B6347005D342C /* Frameworks */,
				8FBAFCA41E8B6347005D342C /* Resources */,
				EBAE1BFEC399D6598E9A3135 /* [CP] Embed Pods Frameworks */,
				F3EFBC53B2DA01DD492A6CD6 /* [CP] Copy Pods Resources */,
			);
			buildRules = (
			);
			dependencies = (
			);
			name = Flicks;
			productName = Flicks;
			productReference = 8FBAFCA61E8B6348005D342C /* Flicks.app */;
			productType = "com.apple.product-type.application";
		};
/* End PBXNativeTarget section */

/* Begin PBXProject section */
		8FBAFC9E1E8B6347005D342C /* Project object */ = {
			isa = PBXProject;
			attributes = {
				LastSwiftUpdateCheck = 0820;
				LastUpgradeCheck = 0820;
				ORGANIZATIONNAME = "Fateh Singh";
				TargetAttributes = {
					8FBAFCA51E8B6347005D342C = {
						CreatedOnToolsVersion = 8.2.1;
						ProvisioningStyle = Automatic;
					};
				};
			};
			buildConfigurationList = 8FBAFCA11E8B6347005D342C /* Build configuration list for PBXProject "Flicks" */;
			compatibilityVersion = "Xcode 3.2";
			developmentRegion = English;
			hasScannedForEncodings = 0;
			knownRegions = (
				en,
				Base,
			);
			mainGroup = 8FBAFC9D1E8B6347005D342C;
			productRefGroup = 8FBAFCA71E8B6348005D342C /* Products */;
			projectDirPath = "";
			projectRoot = "";
			targets = (
				8FBAFCA51E8B6347005D342C /* Flicks */,
			);
		};
/* End PBXProject section */

/* Begin PBXResourcesBuildPhase section */
		8FBAFCA41E8B6347005D342C /* Resources */ = {
			isa = PBXResourcesBuildPhase;
			buildActionMask = 2147483647;
			files = (
				8FBAFCBC1E8B6F8D005D342C /* iconmonstr-video-8-24.png in Resources */,
				8FBAFCB41E8B6348005D342C /* LaunchScreen.storyboard in Resources */,
				8FBAFCB11E8B6348005D342C /* Assets.xcassets in Resources */,
				8FBAFCAF1E8B6348005D342C /* Main.storyboard in Resources */,
				8FBAFCBE1E8B6FF7005D342C /* iconmonstr-star-2-24.png in Resources */,
			);
			runOnlyForDeploymentPostprocessing = 0;
		};
/* End PBXResourcesBuildPhase section */

/* Begin PBXShellScriptBuildPhase section */
		7E3F314CCF330A94B8E42F3A /* [CP] Check Pods Manifest.lock */ = {
			isa = PBXShellScriptBuildPhase;
			buildActionMask = 2147483647;
			files = (
			);
			inputPaths = (
			);
			name = "[CP] Check Pods Manifest.lock";
			outputPaths = (
			);
			runOnlyForDeploymentPostprocessing = 0;
			shellPath = /bin/sh;
			shellScript = "diff \"${PODS_ROOT}/../Podfile.lock\" \"${PODS_ROOT}/Manifest.lock\" > /dev/null\nif [ $? != 0 ] ; then\n    # print error to STDERR\n    echo \"error: The sandbox is not in sync with the Podfile.lock. Run 'pod install' or update your CocoaPods installation.\" >&2\n    exit 1\nfi\n";
			showEnvVarsInLog = 0;
		};
		EBAE1BFEC399D6598E9A3135 /* [CP] Embed Pods Frameworks */ = {
			isa = PBXShellScriptBuildPhase;
			buildActionMask = 2147483647;
			files = (
			);
			inputPaths = (
			);
			name = "[CP] Embed Pods Frameworks";
			outputPaths = (
			);
			runOnlyForDeploymentPostprocessing = 0;
			shellPath = /bin/sh;
			shellScript = "\"${SRCROOT}/Pods/Target Support Files/Pods-Flicks/Pods-Flicks-frameworks.sh\"\n";
			showEnvVarsInLog = 0;
		};
		F3EFBC53B2DA01DD492A6CD6 /* [CP] Copy Pods Resources */ = {
			isa = PBXShellScriptBuildPhase;
			buildActionMask = 2147483647;
			files = (
			);
			inputPaths = (
			);
			name = "[CP] Copy Pods Resources";
			outputPaths = (
			);
			runOnlyForDeploymentPostprocessing = 0;
			shellPath = /bin/sh;
			shellScript = "\"${SRCROOT}/Pods/Target Support Files/Pods-Flicks/Pods-Flicks-resources.sh\"\n";
			showEnvVarsInLog = 0;
		};
/* End PBXShellScriptBuildPhase section */

/* Begin PBXSourcesBuildPhase section */
		8FBAFCA21E8B6347005D342C /* Sources */ = {
			isa = PBXSourcesBuildPhase;
			buildActionMask = 2147483647;
			files = (
				8FBAFCC21E8B7B5E005D342C /* NowPlayingViewController.swift in Sources */,
				8FBAFCC61E8CCF95005D342C /* CustomTableViewCell.swift in Sources */,
				8FBAFCAA1E8B6348005D342C /* AppDelegate.swift in Sources */,
				8FBAFCC01E8B7B03005D342C /* TopRatedViewController.swift in Sources */,
				8FBAFCC41E8CCF2B005D342C /* DetailViewController.swift in Sources */,
			);
			runOnlyForDeploymentPostprocessing = 0;
		};
/* End PBXSourcesBuildPhase section */

/* Begin PBXVariantGroup section */
		8FBAFCAD1E8B6348005D342C /* Main.storyboard */ = {
			isa = PBXVariantGroup;
			children = (
				8FBAFCAE1E8B6348005D342C /* Base */,
			);
			name = Main.storyboard;
			sourceTree = "<group>";
		};
		8FBAFCB21E8B6348005D342C /* LaunchScreen.storyboard */ = {
			isa = PBXVariantGroup;
			children = (
				8FBAFCB31E8B6348005D342C /* Base */,
			);
			name = LaunchScreen.storyboard;
			sourceTree = "<group>";
		};
/* End PBXVariantGroup section */

/* Begin XCBuildConfiguration section */
		8FBAFCB61E8B6348005D342C /* Debug */ = {
			isa = XCBuildConfiguration;
			buildSettings = {
				ALWAYS_SEARCH_USER_PATHS = NO;
				CLANG_ANALYZER_NONNULL = YES;
				CLANG_CXX_LANGUAGE_STANDARD = "gnu++0x";
				CLANG_CXX_LIBRARY = "libc++";
				CLANG_ENABLE_MODULES = YES;
				CLANG_ENABLE_OBJC_ARC = YES;
				CLANG_WARN_BOOL_CONVERSION = YES;
				CLANG_WARN_CONSTANT_CONVERSION = YES;
				CLANG_WARN_DIRECT_OBJC_ISA_USAGE = YES_ERROR;
				CLANG_WARN_DOCUMENTATION_COMMENTS = YES;
				CLANG_WARN_EMPTY_BODY = YES;
				CLANG_WARN_ENUM_CONVERSION = YES;
				CLANG_WARN_INFINITE_RECURSION = YES;
				CLANG_WARN_INT_CONVERSION = YES;
				CLANG_WARN_OBJC_ROOT_CLASS = YES_ERROR;
				CLANG_WARN_SUSPICIOUS_MOVE = YES;
				CLANG_WARN_UNREACHABLE_CODE = YES;
				CLANG_WARN__DUPLICATE_METHOD_MATCH = YES;
				"CODE_SIGN_IDENTITY[sdk=iphoneos*]" = "iPhone Developer";
				COPY_PHASE_STRIP = NO;
				DEBUG_INFORMATION_FORMAT = dwarf;
				ENABLE_STRICT_OBJC_MSGSEND = YES;
				ENABLE_TESTABILITY = YES;
				GCC_C_LANGUAGE_STANDARD = gnu99;
				GCC_DYNAMIC_NO_PIC = NO;
				GCC_NO_COMMON_BLOCKS = YES;
				GCC_OPTIMIZATION_LEVEL = 0;
				GCC_PREPROCESSOR_DEFINITIONS = (
					"DEBUG=1",
					"$(inherited)",
				);
				GCC_WARN_64_TO_32_BIT_CONVERSION = YES;
				GCC_WARN_ABOUT_RETURN_TYPE = YES_ERROR;
				GCC_WARN_UNDECLARED_SELECTOR = YES;
				GCC_WARN_UNINITIALIZED_AUTOS = YES_AGGRESSIVE;
				GCC_WARN_UNUSED_FUNCTION = YES;
				GCC_WARN_UNUSED_VARIABLE = YES;
				IPHONEOS_DEPLOYMENT_TARGET = 10.2;
				MTL_ENABLE_DEBUG_INFO = YES;
				ONLY_ACTIVE_ARCH = YES;
				SDKROOT = iphoneos;
				SWIFT_ACTIVE_COMPILATION_CONDITIONS = DEBUG;
				SWIFT_OPTIMIZATION_LEVEL = "-Onone";
			};
			name = Debug;
		};
		8FBAFCB71E8B6348005D342C /* Release */ = {
			isa = XCBuildConfiguration;
			buildSettings = {
				ALWAYS_SEARCH_USER_PATHS = NO;
				CLANG_ANALYZER_NONNULL = YES;
				CLANG_CXX_LANGUAGE_STANDARD = "gnu++0x";
				CLANG_CXX_LIBRARY = "libc++";
				CLANG_ENABLE_MODULES = YES;
				CLANG_ENABLE_OBJC_ARC = YES;
				CLANG_WARN_BOOL_CONVERSION = YES;
				CLANG_WARN_CONSTANT_CONVERSION = YES;
				CLANG_WARN_DIRECT_OBJC_ISA_USAGE = YES_ERROR;
				CLANG_WARN_DOCUMENTATION_COMMENTS = YES;
				CLANG_WARN_EMPTY_BODY = YES;
				CLANG_WARN_ENUM_CONVERSION = YES;
				CLANG_WARN_INFINITE_RECURSION = YES;
				CLANG_WARN_INT_CONVERSION = YES;
				CLANG_WARN_OBJC_ROOT_CLASS = YES_ERROR;
				CLANG_WARN_SUSPICIOUS_MOVE = YES;
				CLANG_WARN_UNREACHABLE_CODE = YES;
				CLANG_WARN__DUPLICATE_METHOD_MATCH = YES;
				"CODE_SIGN_IDENTITY[sdk=iphoneos*]" = "iPhone Developer";
				COPY_PHASE_STRIP = NO;
				DEBUG_INFORMATION_FORMAT = "dwarf-with-dsym";
				ENABLE_NS_ASSERTIONS = NO;
				ENABLE_STRICT_OBJC_MSGSEND = YES;
				GCC_C_LANGUAGE_STANDARD = gnu99;
				GCC_NO_COMMON_BLOCKS = YES;
				GCC_WARN_64_TO_32_BIT_CONVERSION = YES;
				GCC_WARN_ABOUT_RETURN_TYPE = YES_ERROR;
				GCC_WARN_UNDECLARED_SELECTOR = YES;
				GCC_WARN_UNINITIALIZED_AUTOS = YES_AGGRESSIVE;
				GCC_WARN_UNUSED_FUNCTION = YES;
				GCC_WARN_UNUSED_VARIABLE = YES;
				IPHONEOS_DEPLOYMENT_TARGET = 10.2;
				MTL_ENABLE_DEBUG_INFO = NO;
				SDKROOT = iphoneos;
				SWIFT_OPTIMIZATION_LEVEL = "-Owholemodule";
				VALIDATE_PRODUCT = YES;
			};
			name = Release;
		};
		8FBAFCB91E8B6348005D342C /* Debug */ = {
			isa = XCBuildConfiguration;
			baseConfigurationReference = D1B57E4C9F1720F414748E2E /* Pods-Flicks.debug.xcconfig */;
			buildSettings = {
				ASSETCATALOG_COMPILER_APPICON_NAME = AppIcon;
				INFOPLIST_FILE = Flicks/Info.plist;
				LD_RUNPATH_SEARCH_PATHS = "$(inherited) @executable_path/Frameworks";
				PRODUCT_BUNDLE_IDENTIFIER = fs.Flicks;
				PRODUCT_NAME = "$(TARGET_NAME)";
				SWIFT_VERSION = 3.0;
			};
			name = Debug;
		};
		8FBAFCBA1E8B6348005D342C /* Release */ = {
			isa = XCBuildConfiguration;
			baseConfigurationReference = 8A2EF96831CCD5522BF774C0 /* Pods-Flicks.release.xcconfig */;
			buildSettings = {
				ASSETCATALOG_COMPILER_APPICON_NAME = AppIcon;
				INFOPLIST_FILE = Flicks/Info.plist;
				LD_RUNPATH_SEARCH_PATHS = "$(inherited) @executable_path/Frameworks";
				PRODUCT_BUNDLE_IDENTIFIER = fs.Flicks;
				PRODUCT_NAME = "$(TARGET_NAME)";
				SWIFT_VERSION = 3.0;
			};
			name = Release;
		};
/* End XCBuildConfiguration section */

/* Begin XCConfigurationList section */
		8FBAFCA11E8B6347005D342C /* Build configuration list for PBXProject "Flicks" */ = {
			isa = XCConfigurationList;
			buildConfigurations = (
				8FBAFCB61E8B6348005D342C /* Debug */,
				8FBAFCB71E8B6348005D342C /* Release */,
			);
			defaultConfigurationIsVisible = 0;
			defaultConfigurationName = Release;
		};
		8FBAFCB81E8B6348005D342C /* Build configuration list for PBXNativeTarget "Flicks" */ = {
			isa = XCConfigurationList;
			buildConfigurations = (
				8FBAFCB91E8B6348005D342C /* Debug */,
				8FBAFCBA1E8B6348005D342C /* Release */,
			);
			defaultConfigurationIsVisible = 0;
			defaultConfigurationName = Release;
		};
/* End XCConfigurationList section */
	};
	rootObject = 8FBAFC9E1E8B6347005D342C /* Project object */;
}
